
Microsoft Visual Studio Solution File, Format Version 12.00
# Visual Studio Version 17
VisualStudioVersion = 17.10.35004.147
MinimumVisualStudioVersion = 10.0.40219.1
Project("{8BC9CEB8-8B4A-11D0-8D11-00A0C91BC942}") = "01._Die_Grundstruktur_einer_Klasse", "01._Die_Grundstruktur_einer_Klasse\01._Die_Grundstruktur_einer_Klasse.vcxproj", "{D245AB5A-CEDF-446D-B95A-5140DFA26BD7}"
EndProject
Project("{8BC9CEB8-8B4A-11D0-8D11-00A0C91BC942}") = "03._Die_Konstruktoren", "03._Die_Konstruktoren\03._Die_Konstruktoren.vcxproj", "{55BDDC64-6BCD-4D8C-98F7-167FB01F9FDF}"
EndProject
Project("{8BC9CEB8-8B4A-11D0-8D11-00A0C91BC942}") = "04._Die_Datenkapselung", "04._Die_Datenkapselung\04._Die_Datenkapselung.vcxproj", "{613706DB-98AF-49C1-8529-D9CFE501A5ED}"
EndProject
Project("{8BC9CEB8-8B4A-11D0-8D11-00A0C91BC942}") = "05._Inteligente_Setter_Methoden", "05._Inteligente_Setter_Methoden\05._Inteligente_Setter_Methoden.vcxproj", "{E8377EEF-D203-4200-B3EF-694F8A34F6E5}"
EndProject
Project("{8BC9CEB8-8B4A-11D0-8D11-00A0C91BC942}") = "06._set-Metoden_in_Konstruktoren", "06._set-Metoden_in_Konstruktoren\06._set-Metoden_in_Konstruktoren.vcxproj", "{0D36684F-9B0A-400B-8B64-863A5CD4C225}"
EndProject
Project("{8BC9CEB8-8B4A-11D0-8D11-00A0C91BC942}") = "02._Unterteilen_in_h_und_cpp", "02._Unterteilen_in_h_und_cpp\02._.vcxproj", "{D760D34F-FBF6-41E3-B42B-76B1EABCED96}"
EndProject
Project("{8BC9CEB8-8B4A-11D0-8D11-00A0C91BC942}") = "07._Destruktor", "07._Destruktor\07._Destruktor.vcxproj", "{CB2947E1-0DE6-45C5-932B-40E2BB676923}"
EndProject
Project("{8BC9CEB8-8B4A-11D0-8D11-00A0C91BC942}") = "08._Destruktoreinsatz_mit_new_delete", "08._Destruktoreinsatz_mit_new_delete\08._Destruktoreinsatz_mit_new_delete.vcxproj", "{C2956F95-1D43-4634-9361-41FF1EFD1306}"
EndProject
Global
	GlobalSection(SolutionConfigurationPlatforms) = preSolution
		Debug|x64 = Debug|x64
		Debug|x86 = Debug|x86
		Release|x64 = Release|x64
		Release|x86 = Release|x86
	EndGlobalSection
	GlobalSection(ProjectConfigurationPlatforms) = postSolution
		{D245AB5A-CEDF-446D-B95A-5140DFA26BD7}.Debug|x64.ActiveCfg = Debug|x64
		{D245AB5A-CEDF-446D-B95A-5140DFA26BD7}.Debug|x64.Build.0 = Debug|x64
		{D245AB5A-CEDF-446D-B95A-5140DFA26BD7}.Debug|x86.ActiveCfg = Debug|Win32
		{D245AB5A-CEDF-446D-B95A-5140DFA26BD7}.Debug|x86.Build.0 = Debug|Win32
		{D245AB5A-CEDF-446D-B95A-5140DFA26BD7}.Release|x64.ActiveCfg = Release|x64
		{D245AB5A-CEDF-446D-B95A-5140DFA26BD7}.Release|x64.Build.0 = Release|x64
		{D245AB5A-CEDF-446D-B95A-5140DFA26BD7}.Release|x86.ActiveCfg = Release|Win32
		{D245AB5A-CEDF-446D-B95A-5140DFA26BD7}.Release|x86.Build.0 = Release|Win32
		{55BDDC64-6BCD-4D8C-98F7-167FB01F9FDF}.Debug|x64.ActiveCfg = Debug|x64
		{55BDDC64-6BCD-4D8C-98F7-167FB01F9FDF}.Debug|x64.Build.0 = Debug|x64
		{55BDDC64-6BCD-4D8C-98F7-167FB01F9FDF}.Debug|x86.ActiveCfg = Debug|Win32
		{55BDDC64-6BCD-4D8C-98F7-167FB01F9FDF}.Debug|x86.Build.0 = Debug|Win32
		{55BDDC64-6BCD-4D8C-98F7-167FB01F9FDF}.Release|x64.ActiveCfg = Release|x64
		{55BDDC64-6BCD-4D8C-98F7-167FB01F9FDF}.Release|x64.Build.0 = Release|x64
		{55BDDC64-6BCD-4D8C-98F7-167FB01F9FDF}.Release|x86.ActiveCfg = Release|Win32
		{55BDDC64-6BCD-4D8C-98F7-167FB01F9FDF}.Release|x86.Build.0 = Release|Win32
		{613706DB-98AF-49C1-8529-D9CFE501A5ED}.Debug|x64.ActiveCfg = Debug|x64
		{613706DB-98AF-49C1-8529-D9CFE501A5ED}.Debug|x64.Build.0 = Debug|x64
		{613706DB-98AF-49C1-8529-D9CFE501A5ED}.Debug|x86.ActiveCfg = Debug|Win32
		{613706DB-98AF-49C1-8529-D9CFE501A5ED}.Debug|x86.Build.0 = Debug|Win32
		{613706DB-98AF-49C1-8529-D9CFE501A5ED}.Release|x64.ActiveCfg = Release|x64
		{613706DB-98AF-49C1-8529-D9CFE501A5ED}.Release|x64.Build.0 = Release|x64
		{613706DB-98AF-49C1-8529-D9CFE501A5ED}.Release|x86.ActiveCfg = Release|Win32
		{613706DB-98AF-49C1-8529-D9CFE501A5ED}.Release|x86.Build.0 = Release|Win32
		{E8377EEF-D203-4200-B3EF-694F8A34F6E5}.Debug|x64.ActiveCfg = Debug|x64
		{E8377EEF-D203-4200-B3EF-694F8A34F6E5}.Debug|x64.Build.0 = Debug|x64
		{E8377EEF-D203-4200-B3EF-694F8A34F6E5}.Debug|x86.ActiveCfg = Debug|Win32
		{E8377EEF-D203-4200-B3EF-694F8A34F6E5}.Debug|x86.Build.0 = Debug|Win32
		{E8377EEF-D203-4200-B3EF-694F8A34F6E5}.Release|x64.ActiveCfg = Release|x64
		{E8377EEF-D203-4200-B3EF-694F8A34F6E5}.Release|x64.Build.0 = Release|x64
		{E8377EEF-D203-4200-B3EF-694F8A34F6E5}.Release|x86.ActiveCfg = Release|Win32
		{E8377EEF-D203-4200-B3EF-694F8A34F6E5}.Release|x86.Build.0 = Release|Win32
		{0D36684F-9B0A-400B-8B64-863A5CD4C225}.Debug|x64.ActiveCfg = Debug|x64
		{0D36684F-9B0A-400B-8B64-863A5CD4C225}.Debug|x64.Build.0 = Debug|x64
		{0D36684F-9B0A-400B-8B64-863A5CD4C225}.Debug|x86.ActiveCfg = Debug|Win32
		{0D36684F-9B0A-400B-8B64-863A5CD4C225}.Debug|x86.Build.0 = Debug|Win32
		{0D36684F-9B0A-400B-8B64-863A5CD4C225}.Release|x64.ActiveCfg = Release|x64
		{0D36684F-9B0A-400B-8B64-863A5CD4C225}.Release|x64.Build.0 = Release|x64
		{0D36684F-9B0A-400B-8B64-863A5CD4C225}.Release|x86.ActiveCfg = Release|Win32
		{0D36684F-9B0A-400B-8B64-863A5CD4C225}.Release|x86.Build.0 = Release|Win32
		{D760D34F-FBF6-41E3-B42B-76B1EABCED96}.Debug|x64.ActiveCfg = Debug|x64
		{D760D34F-FBF6-41E3-B42B-76B1EABCED96}.Debug|x64.Build.0 = Debug|x64
		{D760D34F-FBF6-41E3-B42B-76B1EABCED96}.Debug|x86.ActiveCfg = Debug|Win32
		{D760D34F-FBF6-41E3-B42B-76B1EABCED96}.Debug|x86.Build.0 = Debug|Win32
		{D760D34F-FBF6-41E3-B42B-76B1EABCED96}.Release|x64.ActiveCfg = Release|x64
		{D760D34F-FBF6-41E3-B42B-76B1EABCED96}.Release|x64.Build.0 = Release|x64
		{D760D34F-FBF6-41E3-B42B-76B1EABCED96}.Release|x86.ActiveCfg = Release|Win32
		{D760D34F-FBF6-41E3-B42B-76B1EABCED96}.Release|x86.Build.0 = Release|Win32
		{CB2947E1-0DE6-45C5-932B-40E2BB676923}.Debug|x64.ActiveCfg = Debug|x64
		{CB2947E1-0DE6-45C5-932B-40E2BB676923}.Debug|x64.Build.0 = Debug|x64
		{CB2947E1-0DE6-45C5-932B-40E2BB676923}.Debug|x86.ActiveCfg = Debug|Win32
		{CB2947E1-0DE6-45C5-932B-40E2BB676923}.Debug|x86.Build.0 = Debug|Win32
		{CB2947E1-0DE6-45C5-932B-40E2BB676923}.Release|x64.ActiveCfg = Release|x64
		{CB2947E1-0DE6-45C5-932B-40E2BB676923}.Release|x64.Build.0 = Release|x64
		{CB2947E1-0DE6-45C5-932B-40E2BB676923}.Release|x86.ActiveCfg = Release|Win32
		{CB2947E1-0DE6-45C5-932B-40E2BB676923}.Release|x86.Build.0 = Release|Win32
		{C2956F95-1D43-4634-9361-41FF1EFD1306}.Debug|x64.ActiveCfg = Debug|x64
		{C2956F95-1D43-4634-9361-41FF1EFD1306}.Debug|x64.Build.0 = Debug|x64
		{C2956F95-1D43-4634-9361-41FF1EFD1306}.Debug|x86.ActiveCfg = Debug|Win32
		{C2956F95-1D43-4634-9361-41FF1EFD1306}.Debug|x86.Build.0 = Debug|Win32
		{C2956F95-1D43-4634-9361-41FF1EFD1306}.Release|x64.ActiveCfg = Release|x64
		{C2956F95-1D43-4634-9361-41FF1EFD1306}.Release|x64.Build.0 = Release|x64
		{C2956F95-1D43-4634-9361-41FF1EFD1306}.Release|x86.ActiveCfg = Release|Win32
		{C2956F95-1D43-4634-9361-41FF1EFD1306}.Release|x86.Build.0 = Release|Win32
	EndGlobalSection
	GlobalSection(SolutionProperties) = preSolution
		HideSolutionNode = FALSE
	EndGlobalSection
	GlobalSection(ExtensibilityGlobals) = postSolution
		SolutionGuid = {DB298A47-2A22-47EA-B76E-FF6C8E539FD7}
	EndGlobalSection
EndGlobal
